
Microsoft Visual Studio Solution File, Format Version 11.00
# Visual Studio 2010
Project("{FAE04EC0-301F-11D3-BF4B-00C04F79EFBC}") = "ShadowTester", "ShadowTester\ShadowTester.csproj", "{1FA29C0A-8F85-4114-A52B-D49D286F36BA}"
EndProject
Project("{FAE04EC0-301F-11D3-BF4B-00C04F79EFBC}") = "ShadowTesterIntegrationTests", "ShadowTesterIntegrationTests\ShadowTesterIntegrationTests.csproj", "{8C2C5C8A-1551-43A8-BB71-3F9D51BD8399}"
EndProject
Project("{FAE04EC0-301F-11D3-BF4B-00C04F79EFBC}") = "ShadowTesterTests", "ShadowTesterTests\ShadowTesterTests.csproj", "{8A8FF513-ACAF-49F8-9D7D-EE20D312FDC7}"
EndProject
Project("{FAE04EC0-301F-11D3-BF4B-00C04F79EFBC}") = "ShadowTesterConsole", "ShadowTesterConsole\ShadowTesterConsole.csproj", "{4B63176A-BF37-4B39-9CAD-6A24B8B91623}"
EndProject
Global
	GlobalSection(SolutionConfigurationPlatforms) = preSolution
		Debug|Any CPU = Debug|Any CPU
		Debug|Mixed Platforms = Debug|Mixed Platforms
		Debug|x86 = Debug|x86
		Release|Any CPU = Release|Any CPU
		Release|Mixed Platforms = Release|Mixed Platforms
		Release|x86 = Release|x86
	EndGlobalSection
	GlobalSection(ProjectConfigurationPlatforms) = postSolution
		{1FA29C0A-8F85-4114-A52B-D49D286F36BA}.Debug|Any CPU.ActiveCfg = Debug|Any CPU
		{1FA29C0A-8F85-4114-A52B-D49D286F36BA}.Debug|Any CPU.Build.0 = Debug|Any CPU
		{1FA29C0A-8F85-4114-A52B-D49D286F36BA}.Debug|Mixed Platforms.ActiveCfg = Debug|Any CPU
		{1FA29C0A-8F85-4114-A52B-D49D286F36BA}.Debug|Mixed Platforms.Build.0 = Debug|Any CPU
		{1FA29C0A-8F85-4114-A52B-D49D286F36BA}.Debug|x86.ActiveCfg = Debug|Any CPU
		{1FA29C0A-8F85-4114-A52B-D49D286F36BA}.Release|Any CPU.ActiveCfg = Release|Any CPU
		{1FA29C0A-8F85-4114-A52B-D49D286F36BA}.Release|Any CPU.Build.0 = Release|Any CPU
		{1FA29C0A-8F85-4114-A52B-D49D286F36BA}.Release|Mixed Platforms.ActiveCfg = Release|Any CPU
		{1FA29C0A-8F85-4114-A52B-D49D286F36BA}.Release|Mixed Platforms.Build.0 = Release|Any CPU
		{1FA29C0A-8F85-4114-A52B-D49D286F36BA}.Release|x86.ActiveCfg = Release|Any CPU
		{8C2C5C8A-1551-43A8-BB71-3F9D51BD8399}.Debug|Any CPU.ActiveCfg = Debug|Any CPU
		{8C2C5C8A-1551-43A8-BB71-3F9D51BD8399}.Debug|Any CPU.Build.0 = Debug|Any CPU
		{8C2C5C8A-1551-43A8-BB71-3F9D51BD8399}.Debug|Mixed Platforms.ActiveCfg = Debug|Any CPU
		{8C2C5C8A-1551-43A8-BB71-3F9D51BD8399}.Debug|Mixed Platforms.Build.0 = Debug|Any CPU
		{8C2C5C8A-1551-43A8-BB71-3F9D51BD8399}.Debug|x86.ActiveCfg = Debug|Any CPU
		{8C2C5C8A-1551-43A8-BB71-3F9D51BD8399}.Release|Any CPU.ActiveCfg = Release|Any CPU
		{8C2C5C8A-1551-43A8-BB71-3F9D51BD8399}.Release|Any CPU.Build.0 = Release|Any CPU
		{8C2C5C8A-1551-43A8-BB71-3F9D51BD8399}.Release|Mixed Platforms.ActiveCfg = Release|Any CPU
		{8C2C5C8A-1551-43A8-BB71-3F9D51BD8399}.Release|Mixed Platforms.Build.0 = Release|Any CPU
		{8C2C5C8A-1551-43A8-BB71-3F9D51BD8399}.Release|x86.ActiveCfg = Release|Any CPU
		{8A8FF513-ACAF-49F8-9D7D-EE20D312FDC7}.Debug|Any CPU.ActiveCfg = Debug|Any CPU
		{8A8FF513-ACAF-49F8-9D7D-EE20D312FDC7}.Debug|Any CPU.Build.0 = Debug|Any CPU
		{8A8FF513-ACAF-49F8-9D7D-EE20D312FDC7}.Debug|Mixed Platforms.ActiveCfg = Debug|Any CPU
		{8A8FF513-ACAF-49F8-9D7D-EE20D312FDC7}.Debug|Mixed Platforms.Build.0 = Debug|Any CPU
		{8A8FF513-ACAF-49F8-9D7D-EE20D312FDC7}.Debug|x86.ActiveCfg = Debug|Any CPU
		{8A8FF513-ACAF-49F8-9D7D-EE20D312FDC7}.Release|Any CPU.ActiveCfg = Release|Any CPU
		{8A8FF513-ACAF-49F8-9D7D-EE20D312FDC7}.Release|Any CPU.Build.0 = Release|Any CPU
		{8A8FF513-ACAF-49F8-9D7D-EE20D312FDC7}.Release|Mixed Platforms.ActiveCfg = Release|Any CPU
		{8A8FF513-ACAF-49F8-9D7D-EE20D312FDC7}.Release|Mixed Platforms.Build.0 = Release|Any CPU
		{8A8FF513-ACAF-49F8-9D7D-EE20D312FDC7}.Release|x86.ActiveCfg = Release|Any CPU
		{4B63176A-BF37-4B39-9CAD-6A24B8B91623}.Debug|Any CPU.ActiveCfg = Debug|x86
		{4B63176A-BF37-4B39-9CAD-6A24B8B91623}.Debug|Mixed Platforms.ActiveCfg = Debug|x86
		{4B63176A-BF37-4B39-9CAD-6A24B8B91623}.Debug|Mixed Platforms.Build.0 = Debug|x86
		{4B63176A-BF37-4B39-9CAD-6A24B8B91623}.Debug|x86.ActiveCfg = Debug|x86
		{4B63176A-BF37-4B39-9CAD-6A24B8B91623}.Debug|x86.Build.0 = Debug|x86
		{4B63176A-BF37-4B39-9CAD-6A24B8B91623}.Release|Any CPU.ActiveCfg = Release|x86
		{4B63176A-BF37-4B39-9CAD-6A24B8B91623}.Release|Mixed Platforms.ActiveCfg = Release|x86
		{4B63176A-BF37-4B39-9CAD-6A24B8B91623}.Release|Mixed Platforms.Build.0 = Release|x86
		{4B63176A-BF37-4B39-9CAD-6A24B8B91623}.Release|x86.ActiveCfg = Release|x86
		{4B63176A-BF37-4B39-9CAD-6A24B8B91623}.Release|x86.Build.0 = Release|x86
	EndGlobalSection
	GlobalSection(SolutionProperties) = preSolution
		HideSolutionNode = FALSE
	EndGlobalSection
EndGlobal
